
Microsoft Visual Studio Solution File, Format Version 12.00
# Visual Studio Version 17
VisualStudioVersion = 17.0.32112.339
MinimumVisualStudioVersion = 10.0.40219.1
Project("{FAE04EC0-301F-11D3-BF4B-00C04F79EFBC}") = "MaximumNumber", "MaximumNumber.csproj", "{D27B6D9D-FAC3-4DD6-8F36-79C5C3B8C9E0}"
EndProject
Project("{FAE04EC0-301F-11D3-BF4B-00C04F79EFBC}") = "MaxNumberTest", "..\MaxNumberTest\MaxNumberTest.csproj", "{72EC915D-E373-4A92-B831-FDDD314CD64C}"
EndProject
Global
	GlobalSection(SolutionConfigurationPlatforms) = preSolution
		Debug|Any CPU = Debug|Any CPU
		Release|Any CPU = Release|Any CPU
	EndGlobalSection
	GlobalSection(ProjectConfigurationPlatforms) = postSolution
		{D27B6D9D-FAC3-4DD6-8F36-79C5C3B8C9E0}.Debug|Any CPU.ActiveCfg = Debug|Any CPU
		{D27B6D9D-FAC3-4DD6-8F36-79C5C3B8C9E0}.Debug|Any CPU.Build.0 = Debug|Any CPU
		{D27B6D9D-FAC3-4DD6-8F36-79C5C3B8C9E0}.Release|Any CPU.ActiveCfg = Release|Any CPU
		{D27B6D9D-FAC3-4DD6-8F36-79C5C3B8C9E0}.Release|Any CPU.Build.0 = Release|Any CPU
		{72EC915D-E373-4A92-B831-FDDD314CD64C}.Debug|Any CPU.ActiveCfg = Debug|Any CPU
		{72EC915D-E373-4A92-B831-FDDD314CD64C}.Debug|Any CPU.Build.0 = Debug|Any CPU
		{72EC915D-E373-4A92-B831-FDDD314CD64C}.Release|Any CPU.ActiveCfg = Release|Any CPU
		{72EC915D-E373-4A92-B831-FDDD314CD64C}.Release|Any CPU.Build.0 = Release|Any CPU
	EndGlobalSection
	GlobalSection(SolutionProperties) = preSolution
		HideSolutionNode = FALSE
	EndGlobalSection
	GlobalSection(ExtensibilityGlobals) = postSolution
		SolutionGuid = {DD5891C5-8E92-4EA3-9720-2D3BE254032A}
	EndGlobalSection
EndGlobal
